// !$*UTF8*$!
{
	archiveVersion = 1;
	classes = {
	};
	objectVersion = 46;
	objects = {
/* Begin PBXBuildFile section */
		1D3623260D0F684500981E51 /* AppDelegate.m in Sources */ = {isa = PBXBuildFile; fileRef = 1D3623250D0F684500981E51 /* AppDelegate.m */; };
		1D60589B0D05DD56006BFB54 /* main.m in Sources */ = {isa = PBXBuildFile; fileRef = 29B97316FDCFA39411CA2CEA /* main.m */; };
		288765FD0DF74451002DB57D /* CoreGraphics.framework in Frameworks */ = {isa = PBXBuildFile; fileRef = 288765FC0DF74451002DB57D /* CoreGraphics.framework */; };
		301BF552109A68D80062928A /* libCordova.a in Frameworks */ = {isa = PBXBuildFile; fileRef = 301BF535109A57CC0062928A /* libCordova.a */; };
		302D95F114D2391D003F00A1 /* MainViewController.m in Sources */ = {isa = PBXBuildFile; fileRef = 302D95EF14D2391D003F00A1 /* MainViewController.m */; };
		302D95F214D2391D003F00A1 /* MainViewController.xib in Resources */ = {isa = PBXBuildFile; fileRef = 302D95F014D2391D003F00A1 /* MainViewController.xib */; };
		305D5FD1115AB8F900A74A75 /* MobileCoreServices.framework in Frameworks */ = {isa = PBXBuildFile; fileRef = 305D5FD0115AB8F900A74A75 /* MobileCoreServices.framework */; };
		3088BBBD154F3926009F9C59 /* Default-Landscape@2x~ipad.png in Resources */ = {isa = PBXBuildFile; fileRef = 3088BBB7154F3926009F9C59 /* Default-Landscape@2x~ipad.png */; };
		3088BBBE154F3926009F9C59 /* Default-Landscape~ipad.png in Resources */ = {isa = PBXBuildFile; fileRef = 3088BBB8154F3926009F9C59 /* Default-Landscape~ipad.png */; };
		3088BBBF154F3926009F9C59 /* Default-Portrait@2x~ipad.png in Resources */ = {isa = PBXBuildFile; fileRef = 3088BBB9154F3926009F9C59 /* Default-Portrait@2x~ipad.png */; };
		3088BBC0154F3926009F9C59 /* Default-Portrait~ipad.png in Resources */ = {isa = PBXBuildFile; fileRef = 3088BBBA154F3926009F9C59 /* Default-Portrait~ipad.png */; };
		3088BBC1154F3926009F9C59 /* Default@2x~iphone.png in Resources */ = {isa = PBXBuildFile; fileRef = 3088BBBB154F3926009F9C59 /* Default@2x~iphone.png */; };
		3088BBC2154F3926009F9C59 /* Default~iphone.png in Resources */ = {isa = PBXBuildFile; fileRef = 3088BBBC154F3926009F9C59 /* Default~iphone.png */; };
		308D05371370CCF300D202BF /* icon-72.png in Resources */ = {isa = PBXBuildFile; fileRef = 308D052E1370CCF300D202BF /* icon-72.png */; };
		308D05381370CCF300D202BF /* icon.png in Resources */ = {isa = PBXBuildFile; fileRef = 308D052F1370CCF300D202BF /* icon.png */; };
		308D05391370CCF300D202BF /* icon@2x.png in Resources */ = {isa = PBXBuildFile; fileRef = 308D05301370CCF300D202BF /* icon@2x.png */; };
		30B4F30019D5E07200D9F7D8 /* Default-667h.png in Resources */ = {isa = PBXBuildFile; fileRef = 30B4F2FD19D5E07200D9F7D8 /* Default-667h.png */; };
		30B4F30119D5E07200D9F7D8 /* Default-736h.png in Resources */ = {isa = PBXBuildFile; fileRef = 30B4F2FE19D5E07200D9F7D8 /* Default-736h.png */; };
		30B4F30219D5E07200D9F7D8 /* Default-Landscape-736h.png in Resources */ = {isa = PBXBuildFile; fileRef = 30B4F2FF19D5E07200D9F7D8 /* Default-Landscape-736h.png */; };
		30C1856619D5FC0A00212699 /* icon-60@3x.png in Resources */ = {isa = PBXBuildFile; fileRef = 30C1856519D5FC0A00212699 /* icon-60@3x.png */; };
		30FC414916E50CA1004E6F35 /* icon-72@2x.png in Resources */ = {isa = PBXBuildFile; fileRef = 30FC414816E50CA1004E6F35 /* icon-72@2x.png */; };
		5B1594DD16A7569C00FEF299 /* AssetsLibrary.framework in Frameworks */ = {isa = PBXBuildFile; fileRef = 5B1594DC16A7569C00FEF299 /* AssetsLibrary.framework */; };
		7E7966DE1810823500FA85AD /* icon-40.png in Resources */ = {isa = PBXBuildFile; fileRef = 7E7966D41810823500FA85AD /* icon-40.png */; };
		7E7966DF1810823500FA85AD /* icon-40@2x.png in Resources */ = {isa = PBXBuildFile; fileRef = 7E7966D51810823500FA85AD /* icon-40@2x.png */; };
		7E7966E01810823500FA85AD /* icon-50.png in Resources */ = {isa = PBXBuildFile; fileRef = 7E7966D61810823500FA85AD /* icon-50.png */; };
		7E7966E11810823500FA85AD /* icon-50@2x.png in Resources */ = {isa = PBXBuildFile; fileRef = 7E7966D71810823500FA85AD /* icon-50@2x.png */; };
		7E7966E21810823500FA85AD /* icon-60.png in Resources */ = {isa = PBXBuildFile; fileRef = 7E7966D81810823500FA85AD /* icon-60.png */; };
		7E7966E31810823500FA85AD /* icon-60@2x.png in Resources */ = {isa = PBXBuildFile; fileRef = 7E7966D91810823500FA85AD /* icon-60@2x.png */; };
		7E7966E41810823500FA85AD /* icon-76.png in Resources */ = {isa = PBXBuildFile; fileRef = 7E7966DA1810823500FA85AD /* icon-76.png */; };
		7E7966E51810823500FA85AD /* icon-76@2x.png in Resources */ = {isa = PBXBuildFile; fileRef = 7E7966DB1810823500FA85AD /* icon-76@2x.png */; };
		7E7966E61810823500FA85AD /* icon-small.png in Resources */ = {isa = PBXBuildFile; fileRef = 7E7966DC1810823500FA85AD /* icon-small.png */; };
		7E7966E71810823500FA85AD /* icon-small@2x.png in Resources */ = {isa = PBXBuildFile; fileRef = 7E7966DD1810823500FA85AD /* icon-small@2x.png */; };
		D4A0D8761607E02300AEF8BB /* Default-568h@2x~iphone.png in Resources */ = {isa = PBXBuildFile; fileRef = D4A0D8751607E02300AEF8BB /* Default-568h@2x~iphone.png */; };
		6D5C5D8142EC45409D959DBE /* libFlurry_5.4.0.a in Frameworks */ = {isa = PBXBuildFile; fileRef = EF47109254ED40968161C167 /* libFlurry_5.4.0.a */; };
		E2B9AEAD8D514984B8EEC4DA /* libFlurryAds_5.4.0.a in Frameworks */ = {isa = PBXBuildFile; fileRef = B65BE8FCBACA49ABB8028B21 /* libFlurryAds_5.4.0.a */; };
		B64FEEC6920545A29B085874 /* AdSupport.framework in Frameworks */ = {isa = PBXBuildFile; fileRef = 656AF07E86294733825B701E /* AdSupport.framework */; };
		4FEBA6E9A88E4446B9AA316B /* Foundation.framework in Frameworks */ = {isa = PBXBuildFile; fileRef = DC84F95C15A1495EB22879D7 /* Foundation.framework */; };
		2C565B57ADAD46B9AC8982ED /* MediaPlayer.framework in Frameworks */ = {isa = PBXBuildFile; fileRef = C34CA50E793A4455BCAF7E7F /* MediaPlayer.framework */; };
		5A600F06A89240E2A54F6D58 /* Security.framework in Frameworks */ = {isa = PBXBuildFile; fileRef = CED2A195234449A69425C46D /* Security.framework */; };
		0AB4A4E9019146B6B01F22EB /* StoreKit.framework in Frameworks */ = {isa = PBXBuildFile; fileRef = BD1C34698F8A4E979FC6F298 /* StoreKit.framework */; };
		5757E0DD34C741F98CBF379F /* MessageUI.framework in Frameworks */ = {isa = PBXBuildFile; fileRef = C1D02543804449128365CA0B /* MessageUI.framework */; };
		AB1556E6D9044AF49198C925 /* SystemConfiguration.framework in Frameworks */ = {isa = PBXBuildFile; fileRef = B496D2DC3E4749749048A91B /* SystemConfiguration.framework */; };
		97A828F3AC384E35B8E67AAB /* UIKit.framework in Frameworks */ = {isa = PBXBuildFile; fileRef = 4EFFF3131AD943A48AF5BB10 /* UIKit.framework */; };
		9D09A4B826B24CAFA35D063D /* libz.dylib in Frameworks */ = {isa = PBXBuildFile; fileRef = 2132ECE73090405B814C6A05 /* libz.dylib */; };
		CA67BE6BD890434CB45E8A4F /* CDVPluginExt.m in Sources */ = {isa = PBXBuildFile; fileRef = 5069310212E44807A2C58978 /* CDVPluginExt.m */; };
		411F3526C23644168E978381 /* libCordovaGenericAd.a in Frameworks */ = {isa = PBXBuildFile; fileRef = AB5226C3BF754A12B209E7AB /* libCordovaGenericAd.a */; };
		9A3086916FF6405F87C00ABE /* CDVAdMobPlugin.m in Sources */ = {isa = PBXBuildFile; fileRef = B1B99FE9D0ED48528943B302 /* CDVAdMobPlugin.m */; };
		3E920C43B54F43ADA9A8579E /* AdMobMediation.m in Sources */ = {isa = PBXBuildFile; fileRef = D4132E1332024378A7A77EA6 /* AdMobMediation.m */; };
		77C8B054E4F74A12A4072C2E /* libGoogleAdMobAds.a in Frameworks */ = {isa = PBXBuildFile; fileRef = 0F6D2122EC3D40F8A5EBDA32 /* libGoogleAdMobAds.a */; };
		70FC71416610498EB858D4D6 /* AudioToolbox.framework in Frameworks */ = {isa = PBXBuildFile; fileRef = 8606EE6ACD8A41CBA658DAFB /* AudioToolbox.framework */; };
		CA11F460717C47C8B40F303F /* AVFoundation.framework in Frameworks */ = {isa = PBXBuildFile; fileRef = 0E97D0CBB0DF4970934202D9 /* AVFoundation.framework */; };
		BB774BFEE50F471BA6260E78 /* CoreTelephony.framework in Frameworks */ = {isa = PBXBuildFile; fileRef = 44CBECA0F6694B20855BD884 /* CoreTelephony.framework */; };
		0AD18AC3188447BDBAB7B0AB /* EventKit.framework in Frameworks */ = {isa = PBXBuildFile; fileRef = 0B0359C509824D1185E834A0 /* EventKit.framework */; };
		8923E8664AC04034B2D07986 /* EventKitUI.framework in Frameworks */ = {isa = PBXBuildFile; fileRef = 4E5DD03F424E490B97FEF8F8 /* EventKitUI.framework */; };
		6E891B8C17594900882641C4 /* FacebookAdPlugin.m in Sources */ = {isa = PBXBuildFile; fileRef = B645DDD876CD450A9E4F6888 /* FacebookAdPlugin.m */; };
		FD46A0B4DECF49FA842B0D45 /* FBAudienceNetwork.framework in Frameworks */ = {isa = PBXBuildFile; fileRef = D05C4A15A5EB49099DA15AD5 /* FBAudienceNetwork.framework */; };
		34A29297DC5641C3BB20E060 /* CoreMotion.framework in Frameworks */ = {isa = PBXBuildFile; fileRef = 5919B879B2B04194A81DBEB4 /* CoreMotion.framework */; };
		F9DFE579E3F244CAB1A96B5D /* libAdapterFacebook.a in Frameworks */ = {isa = PBXBuildFile; fileRef = 975AD66ABD494592893258E5 /* libAdapterFacebook.a */; };
		B48B7CB7434041E4B9C236AD /* libAdapterIAd.a in Frameworks */ = {isa = PBXBuildFile; fileRef = CC99A4A3E6564C418345F7CB /* libAdapterIAd.a */; };
		F9FE4B34F26547C2BBE2417E /* libInMobi-4.5.1.a in Frameworks */ = {isa = PBXBuildFile; fileRef = 5039E79E74EF49DDA52A44AD /* libInMobi-4.5.1.a */; };
		518D1ADE3C23465AA8A2ACA0 /* CoreLocation.framework in Frameworks */ = {isa = PBXBuildFile; fileRef = 01C6E24C396F4144B473B8D4 /* CoreLocation.framework */; };
		BD47B26B4EF64F0189870C8A /* Social.framework in Frameworks */ = {isa = PBXBuildFile; fileRef = FBB9B5EB7C5F481D9F6EC114 /* Social.framework */; };
		75AB3F74469A490BB95E131E /* libsqlite3.0.dylib in Frameworks */ = {isa = PBXBuildFile; fileRef = FE9256B06565477EAC53F877 /* libsqlite3.0.dylib */; };
		29DF8AEC80F14DCAA62042DC /* libAdapterInMobi.a in Frameworks */ = {isa = PBXBuildFile; fileRef = 16A9EAF4C6D649268DAAC90A /* libAdapterInMobi.a */; };
		E68550A93B1C47B283FE4226 /* mMediaAdPlugin.m in Sources */ = {isa = PBXBuildFile; fileRef = 80DA278A7A034B1BBCD64381 /* mMediaAdPlugin.m */; };
		2B881B3423DB4185AAF330CA /* MillennialMedia.framework in Frameworks */ = {isa = PBXBuildFile; fileRef = DAA408CD2B8C4DEBA493BC7F /* MillennialMedia.framework */; };
		92ABFABBD9424EA0A38D0AE6 /* SpeechKit.framework in Frameworks */ = {isa = PBXBuildFile; fileRef = D4AEDBBA9D374FF4A8D14C15 /* SpeechKit.framework */; };
		BB2B7C88D99E4D97BEFE44E4 /* CFNetwork.framework in Frameworks */ = {isa = PBXBuildFile; fileRef = 719183F8242E416CA496BC29 /* CFNetwork.framework */; };
		462773F86F4944A9A46A4934 /* PassKit.framework in Frameworks */ = {isa = PBXBuildFile; fileRef = 7BA5A541B4054A4E842BE2DC /* PassKit.framework */; };
		C4908ABC185C4DBB8AD10CB8 /* QuartzCore.framework in Frameworks */ = {isa = PBXBuildFile; fileRef = 6885A5D7BD314A739C6F670D /* QuartzCore.framework */; };
		8E4158D3C7C3485C856BF8D4 /* libAdapterMillennial.a in Frameworks */ = {isa = PBXBuildFile; fileRef = 0DF5C7C8C2D44A6DBF7124B3 /* libAdapterMillennial.a */; };
		678CAEDC3ADD42BAAF5007B8 /* MobFoxPlugin.m in Sources */ = {isa = PBXBuildFile; fileRef = 023B1B266E9D40E09DBF654C /* MobFoxPlugin.m */; };
		3D35BD01F3D746E3B97A08F1 /* MobFox.framework in Frameworks */ = {isa = PBXBuildFile; fileRef = 32302AB0C5CB48E6AA502853 /* MobFox.framework */; };
		9A88F5AAE8DD4C2A99E463F4 /* iAd.framework in Frameworks */ = {isa = PBXBuildFile; fileRef = E3F61FB50CAD4A508E29059F /* iAd.framework */; };
		DD4ED996BA1E4B85AFD7A4DF /* StreamingMedia.m in Sources */ = {isa = PBXBuildFile; fileRef = B26E223CDA4140CFB484AB16 /* StreamingMedia.m */; };
		3FF96F1355734B20B3C28D94 /* CDVInAppBrowser.m in Sources */ = {isa = PBXBuildFile; fileRef = 8ED60BA4EA8640B7B05DC194 /* CDVInAppBrowser.m */; };
		CFD64D11EDBE41DCA73E8CC2 /* CDVLogger.m in Sources */ = {isa = PBXBuildFile; fileRef = 942BD2E64D9F42A9B3AD5437 /* CDVLogger.m */; };
		0C09212C8A194958AA0ACD2C /* CDVDevice.m in Sources */ = {isa = PBXBuildFile; fileRef = A567EA0B0DDC45C09978C1B7 /* CDVDevice.m */; };
		2CBEE8E53C1C46C6905ADF29 /* CDVFile.m in Sources */ = {isa = PBXBuildFile; fileRef = 9B0611766C324B7F99769966 /* CDVFile.m */; };
		F65749501BB844639B553921 /* CDVLocalFilesystem.m in Sources */ = {isa = PBXBuildFile; fileRef = B173F96A2C014F9D86D3AC6B /* CDVLocalFilesystem.m */; };
		54FD31D746A048508E6CFDE9 /* CDVAssetLibraryFilesystem.m in Sources */ = {isa = PBXBuildFile; fileRef = 84031A33F82049AFA0C10A84 /* CDVAssetLibraryFilesystem.m */; };
		727709C7978D493088C17B55 /* CDVSound.m in Sources */ = {isa = PBXBuildFile; fileRef = 55A07306BE104D2E9629A2F1 /* CDVSound.m */; };
		5411E16A333548258F4FEBA8 /* CDVConnection.m in Sources */ = {isa = PBXBuildFile; fileRef = 5B6660F1F24A4D2C8B34BC0C /* CDVConnection.m */; };
		F87E755D17404E64961CDC01 /* CDVReachability.m in Sources */ = {isa = PBXBuildFile; fileRef = 0198DBBF6CAE4D3A980E5E0D /* CDVReachability.m */; };
		0B3AC6923E7049EEB6200885 /* CDVSplashScreen.m in Sources */ = {isa = PBXBuildFile; fileRef = 75F69C973E53480890EEB555 /* CDVSplashScreen.m */; };
/* End PBXBuildFile section */

/* Begin PBXContainerItemProxy section */
		301BF534109A57CC0062928A /* PBXContainerItemProxy */ = {
			isa = PBXContainerItemProxy;
			containerPortal = 301BF52D109A57CC0062928A /* CordovaLib.xcodeproj */;
			proxyType = 2;
			remoteGlobalIDString = D2AAC07E0554694100DB518D;
			remoteInfo = CordovaLib;
		};
		301BF550109A68C00062928A /* PBXContainerItemProxy */ = {
			isa = PBXContainerItemProxy;
			containerPortal = 301BF52D109A57CC0062928A /* CordovaLib.xcodeproj */;
			proxyType = 1;
			remoteGlobalIDString = D2AAC07D0554694100DB518D;
			remoteInfo = CordovaLib;
		};
/* End PBXContainerItemProxy section */

/* Begin PBXFileReference section */
		1D3623240D0F684500981E51 /* AppDelegate.h */ = {isa = PBXFileReference; fileEncoding = 4; lastKnownFileType = sourcecode.c.h; path = AppDelegate.h; sourceTree = "<group>"; };
		1D3623250D0F684500981E51 /* AppDelegate.m */ = {isa = PBXFileReference; fileEncoding = 4; lastKnownFileType = sourcecode.c.objc; path = AppDelegate.m; sourceTree = "<group>"; };
		1D6058910D05DD3D006BFB54 /* Gameboard.app */ = {isa = PBXFileReference; explicitFileType = wrapper.application; includeInIndex = 0; path = "Gameboard.app"; sourceTree = BUILT_PRODUCTS_DIR; };
		1F766FDD13BBADB100FB74C0 /* en */ = {isa = PBXFileReference; lastKnownFileType = text.plist.strings; name = en; path = Localizable.strings; sourceTree = "<group>"; };
		1F766FE013BBADB100FB74C0 /* es */ = {isa = PBXFileReference; lastKnownFileType = text.plist.strings; name = es; path = Localizable.strings; sourceTree = "<group>"; };
		288765FC0DF74451002DB57D /* CoreGraphics.framework */ = {isa = PBXFileReference; lastKnownFileType = wrapper.framework; name = CoreGraphics.framework; path = System/Library/Frameworks/CoreGraphics.framework; sourceTree = SDKROOT; };
		29B97316FDCFA39411CA2CEA /* main.m */ = {isa = PBXFileReference; fileEncoding = 4; lastKnownFileType = sourcecode.c.objc; path = main.m; sourceTree = "<group>"; };
		301BF52D109A57CC0062928A /* CordovaLib.xcodeproj */ = {isa = PBXFileReference; lastKnownFileType = "wrapper.pb-project"; name = CordovaLib.xcodeproj; path = CordovaLib/CordovaLib.xcodeproj; sourceTree = "<group>"; };
		301BF56E109A69640062928A /* www */ = {isa = PBXFileReference; lastKnownFileType = folder; path = www; sourceTree = SOURCE_ROOT; };
		302D95EE14D2391D003F00A1 /* MainViewController.h */ = {isa = PBXFileReference; fileEncoding = 4; lastKnownFileType = sourcecode.c.h; path = MainViewController.h; sourceTree = "<group>"; };
		302D95EF14D2391D003F00A1 /* MainViewController.m */ = {isa = PBXFileReference; fileEncoding = 4; lastKnownFileType = sourcecode.c.objc; path = MainViewController.m; sourceTree = "<group>"; };
		302D95F014D2391D003F00A1 /* MainViewController.xib */ = {isa = PBXFileReference; fileEncoding = 4; lastKnownFileType = file.xib; path = MainViewController.xib; sourceTree = "<group>"; };
		305D5FD0115AB8F900A74A75 /* MobileCoreServices.framework */ = {isa = PBXFileReference; lastKnownFileType = wrapper.framework; name = MobileCoreServices.framework; path = System/Library/Frameworks/MobileCoreServices.framework; sourceTree = SDKROOT; };
		3088BBB7154F3926009F9C59 /* Default-Landscape@2x~ipad.png */ = {isa = PBXFileReference; lastKnownFileType = image.png; path = "Default-Landscape@2x~ipad.png"; sourceTree = "<group>"; };
		3088BBB8154F3926009F9C59 /* Default-Landscape~ipad.png */ = {isa = PBXFileReference; lastKnownFileType = image.png; path = "Default-Landscape~ipad.png"; sourceTree = "<group>"; };
		3088BBB9154F3926009F9C59 /* Default-Portrait@2x~ipad.png */ = {isa = PBXFileReference; lastKnownFileType = image.png; path = "Default-Portrait@2x~ipad.png"; sourceTree = "<group>"; };
		3088BBBA154F3926009F9C59 /* Default-Portrait~ipad.png */ = {isa = PBXFileReference; lastKnownFileType = image.png; path = "Default-Portrait~ipad.png"; sourceTree = "<group>"; };
		3088BBBB154F3926009F9C59 /* Default@2x~iphone.png */ = {isa = PBXFileReference; lastKnownFileType = image.png; path = "Default@2x~iphone.png"; sourceTree = "<group>"; };
		3088BBBC154F3926009F9C59 /* Default~iphone.png */ = {isa = PBXFileReference; lastKnownFileType = image.png; path = "Default~iphone.png"; sourceTree = "<group>"; };
		308D052E1370CCF300D202BF /* icon-72.png */ = {isa = PBXFileReference; lastKnownFileType = image.png; path = "icon-72.png"; sourceTree = "<group>"; };
		308D052F1370CCF300D202BF /* icon.png */ = {isa = PBXFileReference; lastKnownFileType = image.png; path = icon.png; sourceTree = "<group>"; };
		308D05301370CCF300D202BF /* icon@2x.png */ = {isa = PBXFileReference; lastKnownFileType = image.png; path = "icon@2x.png"; sourceTree = "<group>"; };
		30B4F2FD19D5E07200D9F7D8 /* Default-667h.png */ = {isa = PBXFileReference; lastKnownFileType = image.png; path = "Default-667h.png"; sourceTree = "<group>"; };
		30B4F2FE19D5E07200D9F7D8 /* Default-736h.png */ = {isa = PBXFileReference; lastKnownFileType = image.png; path = "Default-736h.png"; sourceTree = "<group>"; };
		30B4F2FF19D5E07200D9F7D8 /* Default-Landscape-736h.png */ = {isa = PBXFileReference; lastKnownFileType = image.png; path = "Default-Landscape-736h.png"; sourceTree = "<group>"; };
		30C1856519D5FC0A00212699 /* icon-60@3x.png */ = {isa = PBXFileReference; lastKnownFileType = image.png; path = "icon-60@3x.png"; sourceTree = "<group>"; };
		30FC414816E50CA1004E6F35 /* icon-72@2x.png */ = {isa = PBXFileReference; lastKnownFileType = image.png; path = "icon-72@2x.png"; sourceTree = "<group>"; };
		32CA4F630368D1EE00C91783 /* Gameboard-Prefix.pch */ = {isa = PBXFileReference; fileEncoding = 4; lastKnownFileType = sourcecode.c.h; path = "Gameboard-Prefix.pch"; sourceTree = "<group>"; };
		5B1594DC16A7569C00FEF299 /* AssetsLibrary.framework */ = {isa = PBXFileReference; lastKnownFileType = wrapper.framework; name = AssetsLibrary.framework; path = System/Library/Frameworks/AssetsLibrary.framework; sourceTree = SDKROOT; };
		7E7966D41810823500FA85AD /* icon-40.png */ = {isa = PBXFileReference; lastKnownFileType = image.png; path = "icon-40.png"; sourceTree = "<group>"; };
		7E7966D51810823500FA85AD /* icon-40@2x.png */ = {isa = PBXFileReference; lastKnownFileType = image.png; path = "icon-40@2x.png"; sourceTree = "<group>"; };
		7E7966D61810823500FA85AD /* icon-50.png */ = {isa = PBXFileReference; lastKnownFileType = image.png; path = "icon-50.png"; sourceTree = "<group>"; };
		7E7966D71810823500FA85AD /* icon-50@2x.png */ = {isa = PBXFileReference; lastKnownFileType = image.png; path = "icon-50@2x.png"; sourceTree = "<group>"; };
		7E7966D81810823500FA85AD /* icon-60.png */ = {isa = PBXFileReference; lastKnownFileType = image.png; path = "icon-60.png"; sourceTree = "<group>"; };
		7E7966D91810823500FA85AD /* icon-60@2x.png */ = {isa = PBXFileReference; lastKnownFileType = image.png; path = "icon-60@2x.png"; sourceTree = "<group>"; };
		7E7966DA1810823500FA85AD /* icon-76.png */ = {isa = PBXFileReference; lastKnownFileType = image.png; path = "icon-76.png"; sourceTree = "<group>"; };
		7E7966DB1810823500FA85AD /* icon-76@2x.png */ = {isa = PBXFileReference; lastKnownFileType = image.png; path = "icon-76@2x.png"; sourceTree = "<group>"; };
		7E7966DC1810823500FA85AD /* icon-small.png */ = {isa = PBXFileReference; lastKnownFileType = image.png; path = "icon-small.png"; sourceTree = "<group>"; };
		7E7966DD1810823500FA85AD /* icon-small@2x.png */ = {isa = PBXFileReference; lastKnownFileType = image.png; path = "icon-small@2x.png"; sourceTree = "<group>"; };
		8D1107310486CEB800E47090 /* Gameboard-Info.plist */ = {isa = PBXFileReference; fileEncoding = 4; lastKnownFileType = text.plist.xml; name = "Gameboard-Info.plist"; path = "../Gameboard-Info.plist"; plistStructureDefinitionIdentifier = "com.apple.xcode.plist.structure-definition.iphone.info-plist"; sourceTree = "<group>"; };
		D4A0D8751607E02300AEF8BB /* Default-568h@2x~iphone.png */ = {isa = PBXFileReference; lastKnownFileType = image.png; path = "Default-568h@2x~iphone.png"; sourceTree = "<group>"; };
		EB87FDF21871DA7A0020F90C /* merges */ = {isa = PBXFileReference; lastKnownFileType = folder; name = merges; path = ../../merges; sourceTree = "<group>"; };
		EB87FDF31871DA8E0020F90C /* www */ = {isa = PBXFileReference; lastKnownFileType = folder; name = www; path = ../../www; sourceTree = "<group>"; };
		EB87FDF41871DAF40020F90C /* config.xml */ = {isa = PBXFileReference; lastKnownFileType = text.xml; name = config.xml; path = ../../config.xml; sourceTree = "<group>"; };
		F840E1F0165FE0F500CFE078 /* config.xml */ = {isa = PBXFileReference; lastKnownFileType = text.xml; name = config.xml; path = "Gameboard/config.xml"; sourceTree = "<group>"; };
		EF47109254ED40968161C167 /* libFlurry_5.4.0.a */ = {isa = PBXFileReference; lastKnownFileType = archive.ar; name = "libFlurry_5.4.0.a"; path = "Gameboard/Plugins/com.flurry.sdk/libFlurry_5.4.0.a"; sourceTree = "<group>"; fileEncoding = 4; };
		B65BE8FCBACA49ABB8028B21 /* libFlurryAds_5.4.0.a */ = {isa = PBXFileReference; lastKnownFileType = archive.ar; name = "libFlurryAds_5.4.0.a"; path = "Gameboard/Plugins/com.flurry.sdk/libFlurryAds_5.4.0.a"; sourceTree = "<group>"; fileEncoding = 4; };
		EDB7D9470D524D84B319AF9A /* Flurry.h */ = {isa = PBXFileReference; lastKnownFileType = sourcecode.c.h; name = "Flurry.h"; path = "com.flurry.sdk/Flurry.h"; sourceTree = "<group>"; fileEncoding = 4; };
		BBCCE2A8C8A746548C868FCA /* FlurryAds.h */ = {isa = PBXFileReference; lastKnownFileType = sourcecode.c.h; name = "FlurryAds.h"; path = "com.flurry.sdk/FlurryAds.h"; sourceTree = "<group>"; fileEncoding = 4; };
		AF554052068545A48F8C0DA3 /* FlurryAdDelegate.h */ = {isa = PBXFileReference; lastKnownFileType = sourcecode.c.h; name = "FlurryAdDelegate.h"; path = "com.flurry.sdk/FlurryAdDelegate.h"; sourceTree = "<group>"; fileEncoding = 4; };
		656AF07E86294733825B701E /* AdSupport.framework */ = {isa = PBXFileReference; lastKnownFileType = wrapper.framework; name = "AdSupport.framework"; path = "System/Library/Frameworks/AdSupport.framework"; sourceTree = SDKROOT; fileEncoding = 4; };
		DC84F95C15A1495EB22879D7 /* Foundation.framework */ = {isa = PBXFileReference; lastKnownFileType = wrapper.framework; name = "Foundation.framework"; path = "System/Library/Frameworks/Foundation.framework"; sourceTree = SDKROOT; fileEncoding = 4; };
		C34CA50E793A4455BCAF7E7F /* MediaPlayer.framework */ = {isa = PBXFileReference; lastKnownFileType = wrapper.framework; name = "MediaPlayer.framework"; path = "System/Library/Frameworks/MediaPlayer.framework"; sourceTree = SDKROOT; fileEncoding = 4; };
		CED2A195234449A69425C46D /* Security.framework */ = {isa = PBXFileReference; lastKnownFileType = wrapper.framework; name = "Security.framework"; path = "System/Library/Frameworks/Security.framework"; sourceTree = SDKROOT; fileEncoding = 4; };
		BD1C34698F8A4E979FC6F298 /* StoreKit.framework */ = {isa = PBXFileReference; lastKnownFileType = wrapper.framework; name = "StoreKit.framework"; path = "System/Library/Frameworks/StoreKit.framework"; sourceTree = SDKROOT; fileEncoding = 4; };
		C1D02543804449128365CA0B /* MessageUI.framework */ = {isa = PBXFileReference; lastKnownFileType = wrapper.framework; name = "MessageUI.framework"; path = "System/Library/Frameworks/MessageUI.framework"; sourceTree = SDKROOT; fileEncoding = 4; };
		B496D2DC3E4749749048A91B /* SystemConfiguration.framework */ = {isa = PBXFileReference; lastKnownFileType = wrapper.framework; name = "SystemConfiguration.framework"; path = "System/Library/Frameworks/SystemConfiguration.framework"; sourceTree = SDKROOT; fileEncoding = 4; };
		4EFFF3131AD943A48AF5BB10 /* UIKit.framework */ = {isa = PBXFileReference; lastKnownFileType = wrapper.framework; name = "UIKit.framework"; path = "System/Library/Frameworks/UIKit.framework"; sourceTree = SDKROOT; fileEncoding = 4; };
		2132ECE73090405B814C6A05 /* libz.dylib */ = {isa = PBXFileReference; lastKnownFileType = "compiled.mach-o.dylib"; name = "libz.dylib"; path = "usr/lib/libz.dylib"; sourceTree = SDKROOT; fileEncoding = 4; };
		5069310212E44807A2C58978 /* CDVPluginExt.m */ = {isa = PBXFileReference; lastKnownFileType = sourcecode.c.objc; name = "CDVPluginExt.m"; path = "com.rjfun.cordova.extension/CDVPluginExt.m"; sourceTree = "<group>"; fileEncoding = 4; };
		AB5226C3BF754A12B209E7AB /* libCordovaGenericAd.a */ = {isa = PBXFileReference; lastKnownFileType = archive.ar; name = "libCordovaGenericAd.a"; path = "Gameboard/Plugins/com.rjfun.cordova.extension/libCordovaGenericAd.a"; sourceTree = "<group>"; fileEncoding = 4; };
		AE57B483AFB941DBB0607A7A /* PluginAdapterDelegate.h */ = {isa = PBXFileReference; lastKnownFileType = sourcecode.c.h; name = "PluginAdapterDelegate.h"; path = "com.rjfun.cordova.extension/PluginAdapterDelegate.h"; sourceTree = "<group>"; fileEncoding = 4; };
		787549218A30409A8687E0C6 /* CDVPluginExt.h */ = {isa = PBXFileReference; lastKnownFileType = sourcecode.c.h; name = "CDVPluginExt.h"; path = "com.rjfun.cordova.extension/CDVPluginExt.h"; sourceTree = "<group>"; fileEncoding = 4; };
		F707FD3D30594BCA83DDD803 /* GenericAdPlugin.h */ = {isa = PBXFileReference; lastKnownFileType = sourcecode.c.h; name = "GenericAdPlugin.h"; path = "com.rjfun.cordova.extension/GenericAdPlugin.h"; sourceTree = "<group>"; fileEncoding = 4; };
		B1B99FE9D0ED48528943B302 /* CDVAdMobPlugin.m */ = {isa = PBXFileReference; lastKnownFileType = sourcecode.c.objc; name = "CDVAdMobPlugin.m"; path = "com.google.cordova.admob/CDVAdMobPlugin.m"; sourceTree = "<group>"; fileEncoding = 4; };
		D4132E1332024378A7A77EA6 /* AdMobMediation.m */ = {isa = PBXFileReference; lastKnownFileType = sourcecode.c.objc; name = "AdMobMediation.m"; path = "com.google.cordova.admob/AdMobMediation.m"; sourceTree = "<group>"; fileEncoding = 4; };
		0F6D2122EC3D40F8A5EBDA32 /* libGoogleAdMobAds.a */ = {isa = PBXFileReference; lastKnownFileType = archive.ar; name = "libGoogleAdMobAds.a"; path = "Gameboard/Plugins/com.google.cordova.admob/libGoogleAdMobAds.a"; sourceTree = "<group>"; fileEncoding = 4; };
		57031ABBFB154380BD9BFB22 /* CDVAdMobPlugin.h */ = {isa = PBXFileReference; lastKnownFileType = sourcecode.c.h; name = "CDVAdMobPlugin.h"; path = "com.google.cordova.admob/CDVAdMobPlugin.h"; sourceTree = "<group>"; fileEncoding = 4; };
		C25C83562C4E418C951E3C53 /* AdMobMediation.h */ = {isa = PBXFileReference; lastKnownFileType = sourcecode.c.h; name = "AdMobMediation.h"; path = "com.google.cordova.admob/AdMobMediation.h"; sourceTree = "<group>"; fileEncoding = 4; };
		DC8EE4B47503428484F1549D /* GADAdMobExtras.h */ = {isa = PBXFileReference; lastKnownFileType = sourcecode.c.h; name = "GADAdMobExtras.h"; path = "com.google.cordova.admob/GADAdMobExtras.h"; sourceTree = "<group>"; fileEncoding = 4; };
		7D9BADDD1F6943498BF1DE6D /* GADAdNetworkExtras.h */ = {isa = PBXFileReference; lastKnownFileType = sourcecode.c.h; name = "GADAdNetworkExtras.h"; path = "com.google.cordova.admob/GADAdNetworkExtras.h"; sourceTree = "<group>"; fileEncoding = 4; };
		F35B01A557004A73BA15B8A2 /* GADAdSize.h */ = {isa = PBXFileReference; lastKnownFileType = sourcecode.c.h; name = "GADAdSize.h"; path = "com.google.cordova.admob/GADAdSize.h"; sourceTree = "<group>"; fileEncoding = 4; };
		6AC3DE1684014C7B942D05A4 /* GADBannerView.h */ = {isa = PBXFileReference; lastKnownFileType = sourcecode.c.h; name = "GADBannerView.h"; path = "com.google.cordova.admob/GADBannerView.h"; sourceTree = "<group>"; fileEncoding = 4; };
		8A8EDBC99947485394CDAE33 /* GADBannerViewDelegate.h */ = {isa = PBXFileReference; lastKnownFileType = sourcecode.c.h; name = "GADBannerViewDelegate.h"; path = "com.google.cordova.admob/GADBannerViewDelegate.h"; sourceTree = "<group>"; fileEncoding = 4; };
		B60734A74B0C4C9A962C8A88 /* GADInAppPurchase.h */ = {isa = PBXFileReference; lastKnownFileType = sourcecode.c.h; name = "GADInAppPurchase.h"; path = "com.google.cordova.admob/GADInAppPurchase.h"; sourceTree = "<group>"; fileEncoding = 4; };
		13C8C9AD46904A1C9C6C7D2D /* GADInAppPurchaseDelegate.h */ = {isa = PBXFileReference; lastKnownFileType = sourcecode.c.h; name = "GADInAppPurchaseDelegate.h"; path = "com.google.cordova.admob/GADInAppPurchaseDelegate.h"; sourceTree = "<group>"; fileEncoding = 4; };
		7EC106A6EF0E44CE9CF307F3 /* GADInterstitial.h */ = {isa = PBXFileReference; lastKnownFileType = sourcecode.c.h; name = "GADInterstitial.h"; path = "com.google.cordova.admob/GADInterstitial.h"; sourceTree = "<group>"; fileEncoding = 4; };
		DD000021950E4093B684D095 /* GADInterstitialDelegate.h */ = {isa = PBXFileReference; lastKnownFileType = sourcecode.c.h; name = "GADInterstitialDelegate.h"; path = "com.google.cordova.admob/GADInterstitialDelegate.h"; sourceTree = "<group>"; fileEncoding = 4; };
		EFC172BD2FD04811A2828238 /* GADModules.h */ = {isa = PBXFileReference; lastKnownFileType = sourcecode.c.h; name = "GADModules.h"; path = "com.google.cordova.admob/GADModules.h"; sourceTree = "<group>"; fileEncoding = 4; };
		8DAEDA05DABB4D5294B36F78 /* GADRequest.h */ = {isa = PBXFileReference; lastKnownFileType = sourcecode.c.h; name = "GADRequest.h"; path = "com.google.cordova.admob/GADRequest.h"; sourceTree = "<group>"; fileEncoding = 4; };
		34B1644B19E74AB8BB57144F /* GADRequestError.h */ = {isa = PBXFileReference; lastKnownFileType = sourcecode.c.h; name = "GADRequestError.h"; path = "com.google.cordova.admob/GADRequestError.h"; sourceTree = "<group>"; fileEncoding = 4; };
		AF18038FDF5749CF8CC98F8D /* DFPBannerView.h */ = {isa = PBXFileReference; lastKnownFileType = sourcecode.c.h; name = "DFPBannerView.h"; path = "com.google.cordova.admob/DFPBannerView.h"; sourceTree = "<group>"; fileEncoding = 4; };
		3C46EA4445734C75A37F208D /* DFPInterstitial.h */ = {isa = PBXFileReference; lastKnownFileType = sourcecode.c.h; name = "DFPInterstitial.h"; path = "com.google.cordova.admob/DFPInterstitial.h"; sourceTree = "<group>"; fileEncoding = 4; };
		8EA518DAF68F4ED8B806F8A1 /* GADSwipeableBannerViewDelegate.h */ = {isa = PBXFileReference; lastKnownFileType = sourcecode.c.h; name = "GADSwipeableBannerViewDelegate.h"; path = "com.google.cordova.admob/GADSwipeableBannerViewDelegate.h"; sourceTree = "<group>"; fileEncoding = 4; };
		C02E7186FDAC4C02A82062EC /* DFPSwipeableBannerView.h */ = {isa = PBXFileReference; lastKnownFileType = sourcecode.c.h; name = "DFPSwipeableBannerView.h"; path = "com.google.cordova.admob/DFPSwipeableBannerView.h"; sourceTree = "<group>"; fileEncoding = 4; };
		D0654916522741E984B8CB79 /* GADAppEventDelegate.h */ = {isa = PBXFileReference; lastKnownFileType = sourcecode.c.h; name = "GADAppEventDelegate.h"; path = "com.google.cordova.admob/GADAppEventDelegate.h"; sourceTree = "<group>"; fileEncoding = 4; };
		BFDEC8117C0440AB84E2BC59 /* GADAdSizeDelegate.h */ = {isa = PBXFileReference; lastKnownFileType = sourcecode.c.h; name = "GADAdSizeDelegate.h"; path = "com.google.cordova.admob/GADAdSizeDelegate.h"; sourceTree = "<group>"; fileEncoding = 4; };
		65BD725278684737A8BD07BF /* GADCustomEventBanner.h */ = {isa = PBXFileReference; lastKnownFileType = sourcecode.c.h; name = "GADCustomEventBanner.h"; path = "com.google.cordova.admob/GADCustomEventBanner.h"; sourceTree = "<group>"; fileEncoding = 4; };
		A8B7B3DC4A34427698D70BFE /* GADCustomEventBannerDelegate.h */ = {isa = PBXFileReference; lastKnownFileType = sourcecode.c.h; name = "GADCustomEventBannerDelegate.h"; path = "com.google.cordova.admob/GADCustomEventBannerDelegate.h"; sourceTree = "<group>"; fileEncoding = 4; };
		36AA1E6B4A6F42C399A8782B /* GADCustomEventInterstitial.h */ = {isa = PBXFileReference; lastKnownFileType = sourcecode.c.h; name = "GADCustomEventInterstitial.h"; path = "com.google.cordova.admob/GADCustomEventInterstitial.h"; sourceTree = "<group>"; fileEncoding = 4; };
		B15AFD273EBC4C65B688AB4B /* GADCustomEventInterstitialDelegate.h */ = {isa = PBXFileReference; lastKnownFileType = sourcecode.c.h; name = "GADCustomEventInterstitialDelegate.h"; path = "com.google.cordova.admob/GADCustomEventInterstitialDelegate.h"; sourceTree = "<group>"; fileEncoding = 4; };
		84D9B05948344412B7011A12 /* GADCustomEventRequest.h */ = {isa = PBXFileReference; lastKnownFileType = sourcecode.c.h; name = "GADCustomEventRequest.h"; path = "com.google.cordova.admob/GADCustomEventRequest.h"; sourceTree = "<group>"; fileEncoding = 4; };
		FC61F1D513004FB4B8F1DF3A /* GADCustomEventExtras.h */ = {isa = PBXFileReference; lastKnownFileType = sourcecode.c.h; name = "GADCustomEventExtras.h"; path = "com.google.cordova.admob/GADCustomEventExtras.h"; sourceTree = "<group>"; fileEncoding = 4; };
		EF3B5273BCF14738810B5BE1 /* GADSearchBannerView.h */ = {isa = PBXFileReference; lastKnownFileType = sourcecode.c.h; name = "GADSearchBannerView.h"; path = "com.google.cordova.admob/GADSearchBannerView.h"; sourceTree = "<group>"; fileEncoding = 4; };
		C06C589174A6415ABF4FF480 /* GADSearchRequest.h */ = {isa = PBXFileReference; lastKnownFileType = sourcecode.c.h; name = "GADSearchRequest.h"; path = "com.google.cordova.admob/GADSearchRequest.h"; sourceTree = "<group>"; fileEncoding = 4; };
		8606EE6ACD8A41CBA658DAFB /* AudioToolbox.framework */ = {isa = PBXFileReference; lastKnownFileType = wrapper.framework; name = "AudioToolbox.framework"; path = "System/Library/Frameworks/AudioToolbox.framework"; sourceTree = SDKROOT; fileEncoding = 4; };
		0E97D0CBB0DF4970934202D9 /* AVFoundation.framework */ = {isa = PBXFileReference; lastKnownFileType = wrapper.framework; name = "AVFoundation.framework"; path = "System/Library/Frameworks/AVFoundation.framework"; sourceTree = SDKROOT; fileEncoding = 4; };
		44CBECA0F6694B20855BD884 /* CoreTelephony.framework */ = {isa = PBXFileReference; lastKnownFileType = wrapper.framework; name = "CoreTelephony.framework"; path = "System/Library/Frameworks/CoreTelephony.framework"; sourceTree = SDKROOT; fileEncoding = 4; };
		0B0359C509824D1185E834A0 /* EventKit.framework */ = {isa = PBXFileReference; lastKnownFileType = wrapper.framework; name = "EventKit.framework"; path = "System/Library/Frameworks/EventKit.framework"; sourceTree = SDKROOT; fileEncoding = 4; };
		4E5DD03F424E490B97FEF8F8 /* EventKitUI.framework */ = {isa = PBXFileReference; lastKnownFileType = wrapper.framework; name = "EventKitUI.framework"; path = "System/Library/Frameworks/EventKitUI.framework"; sourceTree = SDKROOT; fileEncoding = 4; };
		B645DDD876CD450A9E4F6888 /* FacebookAdPlugin.m */ = {isa = PBXFileReference; lastKnownFileType = sourcecode.c.objc; name = "FacebookAdPlugin.m"; path = "com.rjfun.cordova.facebookads/FacebookAdPlugin.m"; sourceTree = "<group>"; fileEncoding = 4; };
		3938E27928404304943D2F38 /* FacebookAdPlugin.h */ = {isa = PBXFileReference; lastKnownFileType = sourcecode.c.h; name = "FacebookAdPlugin.h"; path = "com.rjfun.cordova.facebookads/FacebookAdPlugin.h"; sourceTree = "<group>"; fileEncoding = 4; };
		D05C4A15A5EB49099DA15AD5 /* FBAudienceNetwork.framework */ = {isa = PBXFileReference; lastKnownFileType = wrapper.framework; name = "FBAudienceNetwork.framework"; path = "Gameboard/Plugins/com.rjfun.cordova.facebookads/FBAudienceNetwork.framework"; sourceTree = "<group>"; };
		5919B879B2B04194A81DBEB4 /* CoreMotion.framework */ = {isa = PBXFileReference; lastKnownFileType = wrapper.framework; name = "CoreMotion.framework"; path = "System/Library/Frameworks/CoreMotion.framework"; sourceTree = SDKROOT; fileEncoding = 4; };
		975AD66ABD494592893258E5 /* libAdapterFacebook.a */ = {isa = PBXFileReference; lastKnownFileType = archive.ar; name = "libAdapterFacebook.a"; path = "Gameboard/Plugins/com.google.cordova.admob-facebook/libAdapterFacebook.a"; sourceTree = "<group>"; fileEncoding = 4; };
		CC99A4A3E6564C418345F7CB /* libAdapterIAd.a */ = {isa = PBXFileReference; lastKnownFileType = archive.ar; name = "libAdapterIAd.a"; path = "Gameboard/Plugins/com.google.cordova.admob-iad/libAdapterIAd.a"; sourceTree = "<group>"; fileEncoding = 4; };
		5039E79E74EF49DDA52A44AD /* libInMobi-4.5.1.a */ = {isa = PBXFileReference; lastKnownFileType = archive.ar; name = "libInMobi-4.5.1.a"; path = "Gameboard/Plugins/com.inmobi.sdk/libInMobi-4.5.1.a"; sourceTree = "<group>"; fileEncoding = 4; };
		F560C9CB5D204D178340611A /* InMobi.h */ = {isa = PBXFileReference; lastKnownFileType = sourcecode.c.h; name = "InMobi.h"; path = "com.inmobi.sdk/InMobi.h"; sourceTree = "<group>"; fileEncoding = 4; };
		B432EB3E55114F13A33A75D0 /* InMobiAnalytics.h */ = {isa = PBXFileReference; lastKnownFileType = sourcecode.c.h; name = "InMobiAnalytics.h"; path = "com.inmobi.sdk/InMobiAnalytics.h"; sourceTree = "<group>"; fileEncoding = 4; };
		5059C8BC875B42368C402387 /* IMConstants.h */ = {isa = PBXFileReference; lastKnownFileType = sourcecode.c.h; name = "IMConstants.h"; path = "com.inmobi.sdk/IMConstants.h"; sourceTree = "<group>"; fileEncoding = 4; };
		ED872D350D494147A6977D20 /* IMBanner.h */ = {isa = PBXFileReference; lastKnownFileType = sourcecode.c.h; name = "IMBanner.h"; path = "com.inmobi.sdk/IMBanner.h"; sourceTree = "<group>"; fileEncoding = 4; };
		9117D2D7BF004C7B86E4E039 /* IMBannerDelegate.h */ = {isa = PBXFileReference; lastKnownFileType = sourcecode.c.h; name = "IMBannerDelegate.h"; path = "com.inmobi.sdk/IMBannerDelegate.h"; sourceTree = "<group>"; fileEncoding = 4; };
		B1476D4E28654170948BED2B /* IMError.h */ = {isa = PBXFileReference; lastKnownFileType = sourcecode.c.h; name = "IMError.h"; path = "com.inmobi.sdk/IMError.h"; sourceTree = "<group>"; fileEncoding = 4; };
		62BCD0D7AD9C43399296D754 /* IMInterstitialDelegate.h */ = {isa = PBXFileReference; lastKnownFileType = sourcecode.c.h; name = "IMInterstitialDelegate.h"; path = "com.inmobi.sdk/IMInterstitialDelegate.h"; sourceTree = "<group>"; fileEncoding = 4; };
		C1F3E8FDFF49440884D3B9CB /* IMInterstitial.h */ = {isa = PBXFileReference; lastKnownFileType = sourcecode.c.h; name = "IMInterstitial.h"; path = "com.inmobi.sdk/IMInterstitial.h"; sourceTree = "<group>"; fileEncoding = 4; };
		56314E60DB5C454B84DDE11C /* IMIncentivisedDelegate.h */ = {isa = PBXFileReference; lastKnownFileType = sourcecode.c.h; name = "IMIncentivisedDelegate.h"; path = "com.inmobi.sdk/IMIncentivisedDelegate.h"; sourceTree = "<group>"; fileEncoding = 4; };
		3A7C46B4E10146AE84634AEE /* IMNative.h */ = {isa = PBXFileReference; lastKnownFileType = sourcecode.c.h; name = "IMNative.h"; path = "com.inmobi.sdk/IMNative.h"; sourceTree = "<group>"; fileEncoding = 4; };
		C35BB40698174DC8AF796F2C /* IMNativeDelegate.h */ = {isa = PBXFileReference; lastKnownFileType = sourcecode.c.h; name = "IMNativeDelegate.h"; path = "com.inmobi.sdk/IMNativeDelegate.h"; sourceTree = "<group>"; fileEncoding = 4; };
		01C6E24C396F4144B473B8D4 /* CoreLocation.framework */ = {isa = PBXFileReference; lastKnownFileType = wrapper.framework; name = "CoreLocation.framework"; path = "System/Library/Frameworks/CoreLocation.framework"; sourceTree = SDKROOT; fileEncoding = 4; };
		FBB9B5EB7C5F481D9F6EC114 /* Social.framework */ = {isa = PBXFileReference; lastKnownFileType = wrapper.framework; name = "Social.framework"; path = "System/Library/Frameworks/Social.framework"; sourceTree = SDKROOT; fileEncoding = 4; };
		FE9256B06565477EAC53F877 /* libsqlite3.0.dylib */ = {isa = PBXFileReference; lastKnownFileType = "compiled.mach-o.dylib"; name = "libsqlite3.0.dylib"; path = "usr/lib/libsqlite3.0.dylib"; sourceTree = SDKROOT; fileEncoding = 4; };
		16A9EAF4C6D649268DAAC90A /* libAdapterInMobi.a */ = {isa = PBXFileReference; lastKnownFileType = archive.ar; name = "libAdapterInMobi.a"; path = "Gameboard/Plugins/com.google.cordova.admob-inmobi/libAdapterInMobi.a"; sourceTree = "<group>"; fileEncoding = 4; };
		80DA278A7A034B1BBCD64381 /* mMediaAdPlugin.m */ = {isa = PBXFileReference; lastKnownFileType = sourcecode.c.objc; name = "mMediaAdPlugin.m"; path = "com.rjfun.cordova.mmedia/mMediaAdPlugin.m"; sourceTree = "<group>"; fileEncoding = 4; };
		296B397A1A294A7CB751CB58 /* mMediaAdPlugin.h */ = {isa = PBXFileReference; lastKnownFileType = sourcecode.c.h; name = "mMediaAdPlugin.h"; path = "com.rjfun.cordova.mmedia/mMediaAdPlugin.h"; sourceTree = "<group>"; fileEncoding = 4; };
		DAA408CD2B8C4DEBA493BC7F /* MillennialMedia.framework */ = {isa = PBXFileReference; lastKnownFileType = wrapper.framework; name = "MillennialMedia.framework"; path = "Gameboard/Plugins/com.rjfun.cordova.mmedia/MillennialMedia.framework"; sourceTree = "<group>"; };
		D4AEDBBA9D374FF4A8D14C15 /* SpeechKit.framework */ = {isa = PBXFileReference; lastKnownFileType = wrapper.framework; name = "SpeechKit.framework"; path = "Gameboard/Plugins/com.rjfun.cordova.mmedia/SpeechKit.framework"; sourceTree = "<group>"; };
		719183F8242E416CA496BC29 /* CFNetwork.framework */ = {isa = PBXFileReference; lastKnownFileType = wrapper.framework; name = "CFNetwork.framework"; path = "System/Library/Frameworks/CFNetwork.framework"; sourceTree = SDKROOT; fileEncoding = 4; };
		7BA5A541B4054A4E842BE2DC /* PassKit.framework */ = {isa = PBXFileReference; lastKnownFileType = wrapper.framework; name = "PassKit.framework"; path = "System/Library/Frameworks/PassKit.framework"; sourceTree = SDKROOT; fileEncoding = 4; };
		6885A5D7BD314A739C6F670D /* QuartzCore.framework */ = {isa = PBXFileReference; lastKnownFileType = wrapper.framework; name = "QuartzCore.framework"; path = "System/Library/Frameworks/QuartzCore.framework"; sourceTree = SDKROOT; fileEncoding = 4; };
		0DF5C7C8C2D44A6DBF7124B3 /* libAdapterMillennial.a */ = {isa = PBXFileReference; lastKnownFileType = archive.ar; name = "libAdapterMillennial.a"; path = "Gameboard/Plugins/com.google.cordova.admob-mmedia/libAdapterMillennial.a"; sourceTree = "<group>"; fileEncoding = 4; };
		023B1B266E9D40E09DBF654C /* MobFoxPlugin.m */ = {isa = PBXFileReference; lastKnownFileType = sourcecode.c.objc; name = "MobFoxPlugin.m"; path = "com.rjfun.cordova.mobfox/MobFoxPlugin.m"; sourceTree = "<group>"; fileEncoding = 4; };
		0C179372A0EE4164BA3B2AC6 /* MobFoxPlugin.h */ = {isa = PBXFileReference; lastKnownFileType = sourcecode.c.h; name = "MobFoxPlugin.h"; path = "com.rjfun.cordova.mobfox/MobFoxPlugin.h"; sourceTree = "<group>"; fileEncoding = 4; };
		32302AB0C5CB48E6AA502853 /* MobFox.framework */ = {isa = PBXFileReference; lastKnownFileType = wrapper.framework; name = "MobFox.framework"; path = "Gameboard/Plugins/com.rjfun.cordova.mobfox/MobFox.framework"; sourceTree = "<group>"; };
		E3F61FB50CAD4A508E29059F /* iAd.framework */ = {isa = PBXFileReference; lastKnownFileType = wrapper.framework; name = "iAd.framework"; path = "System/Library/Frameworks/iAd.framework"; sourceTree = SDKROOT; fileEncoding = 4; };
		B26E223CDA4140CFB484AB16 /* StreamingMedia.m */ = {isa = PBXFileReference; lastKnownFileType = sourcecode.c.objc; name = "StreamingMedia.m"; path = "com.hutchind.cordova.plugins.streamingmedia/StreamingMedia.m"; sourceTree = "<group>"; fileEncoding = 4; };
		F4F54419B2E1425485D8CE2F /* StreamingMedia.h */ = {isa = PBXFileReference; lastKnownFileType = sourcecode.c.h; name = "StreamingMedia.h"; path = "com.hutchind.cordova.plugins.streamingmedia/StreamingMedia.h"; sourceTree = "<group>"; fileEncoding = 4; };
		8ED60BA4EA8640B7B05DC194 /* CDVInAppBrowser.m */ = {isa = PBXFileReference; lastKnownFileType = sourcecode.c.objc; name = "CDVInAppBrowser.m"; path = "org.apache.cordova.inappbrowser/CDVInAppBrowser.m"; sourceTree = "<group>"; fileEncoding = 4; };
		6845084526D04950A5745AC0 /* CDVInAppBrowser.h */ = {isa = PBXFileReference; lastKnownFileType = sourcecode.c.h; name = "CDVInAppBrowser.h"; path = "org.apache.cordova.inappbrowser/CDVInAppBrowser.h"; sourceTree = "<group>"; fileEncoding = 4; };
		942BD2E64D9F42A9B3AD5437 /* CDVLogger.m */ = {isa = PBXFileReference; lastKnownFileType = sourcecode.c.objc; name = "CDVLogger.m"; path = "org.apache.cordova.console/CDVLogger.m"; sourceTree = "<group>"; fileEncoding = 4; };
		496A8E4C46F64DB09C31B809 /* CDVLogger.h */ = {isa = PBXFileReference; lastKnownFileType = sourcecode.c.h; name = "CDVLogger.h"; path = "org.apache.cordova.console/CDVLogger.h"; sourceTree = "<group>"; fileEncoding = 4; };
		A567EA0B0DDC45C09978C1B7 /* CDVDevice.m */ = {isa = PBXFileReference; lastKnownFileType = sourcecode.c.objc; name = "CDVDevice.m"; path = "org.apache.cordova.device/CDVDevice.m"; sourceTree = "<group>"; fileEncoding = 4; };
		AF78FB4B843C410AB9F23DFD /* CDVDevice.h */ = {isa = PBXFileReference; lastKnownFileType = sourcecode.c.h; name = "CDVDevice.h"; path = "org.apache.cordova.device/CDVDevice.h"; sourceTree = "<group>"; fileEncoding = 4; };
		9B0611766C324B7F99769966 /* CDVFile.m */ = {isa = PBXFileReference; lastKnownFileType = sourcecode.c.objc; name = "CDVFile.m"; path = "org.apache.cordova.file/CDVFile.m"; sourceTree = "<group>"; fileEncoding = 4; };
		B173F96A2C014F9D86D3AC6B /* CDVLocalFilesystem.m */ = {isa = PBXFileReference; lastKnownFileType = sourcecode.c.objc; name = "CDVLocalFilesystem.m"; path = "org.apache.cordova.file/CDVLocalFilesystem.m"; sourceTree = "<group>"; fileEncoding = 4; };
		84031A33F82049AFA0C10A84 /* CDVAssetLibraryFilesystem.m */ = {isa = PBXFileReference; lastKnownFileType = sourcecode.c.objc; name = "CDVAssetLibraryFilesystem.m"; path = "org.apache.cordova.file/CDVAssetLibraryFilesystem.m"; sourceTree = "<group>"; fileEncoding = 4; };
		65C35AD3633941838D2135AD /* CDVFile.h */ = {isa = PBXFileReference; lastKnownFileType = sourcecode.c.h; name = "CDVFile.h"; path = "org.apache.cordova.file/CDVFile.h"; sourceTree = "<group>"; fileEncoding = 4; };
		51FB043C84DE440BA648B821 /* CDVLocalFilesystem.h */ = {isa = PBXFileReference; lastKnownFileType = sourcecode.c.h; name = "CDVLocalFilesystem.h"; path = "org.apache.cordova.file/CDVLocalFilesystem.h"; sourceTree = "<group>"; fileEncoding = 4; };
		BB7F30CBB59240498A251626 /* CDVAssetLibraryFilesystem.h */ = {isa = PBXFileReference; lastKnownFileType = sourcecode.c.h; name = "CDVAssetLibraryFilesystem.h"; path = "org.apache.cordova.file/CDVAssetLibraryFilesystem.h"; sourceTree = "<group>"; fileEncoding = 4; };
		55A07306BE104D2E9629A2F1 /* CDVSound.m */ = {isa = PBXFileReference; lastKnownFileType = sourcecode.c.objc; name = "CDVSound.m"; path = "org.apache.cordova.media/CDVSound.m"; sourceTree = "<group>"; fileEncoding = 4; };
		D2404FFC58414C0A97A604D8 /* CDVSound.h */ = {isa = PBXFileReference; lastKnownFileType = sourcecode.c.h; name = "CDVSound.h"; path = "org.apache.cordova.media/CDVSound.h"; sourceTree = "<group>"; fileEncoding = 4; };
		5B6660F1F24A4D2C8B34BC0C /* CDVConnection.m */ = {isa = PBXFileReference; lastKnownFileType = sourcecode.c.objc; name = "CDVConnection.m"; path = "org.apache.cordova.network-information/CDVConnection.m"; sourceTree = "<group>"; fileEncoding = 4; };
		0198DBBF6CAE4D3A980E5E0D /* CDVReachability.m */ = {isa = PBXFileReference; lastKnownFileType = sourcecode.c.objc; name = "CDVReachability.m"; path = "org.apache.cordova.network-information/CDVReachability.m"; sourceTree = "<group>"; fileEncoding = 4; };
		00CCC3B20538418BABA49146 /* CDVConnection.h */ = {isa = PBXFileReference; lastKnownFileType = sourcecode.c.h; name = "CDVConnection.h"; path = "org.apache.cordova.network-information/CDVConnection.h"; sourceTree = "<group>"; fileEncoding = 4; };
		5C9EE0160467457CB743A231 /* CDVReachability.h */ = {isa = PBXFileReference; lastKnownFileType = sourcecode.c.h; name = "CDVReachability.h"; path = "org.apache.cordova.network-information/CDVReachability.h"; sourceTree = "<group>"; fileEncoding = 4; };
		75F69C973E53480890EEB555 /* CDVSplashScreen.m */ = {isa = PBXFileReference; lastKnownFileType = sourcecode.c.objc; name = "CDVSplashScreen.m"; path = "org.apache.cordova.splashscreen/CDVSplashScreen.m"; sourceTree = "<group>"; fileEncoding = 4; };
		5BD60C9E9BE8441AA573413F /* CDVSplashScreen.h */ = {isa = PBXFileReference; lastKnownFileType = sourcecode.c.h; name = "CDVSplashScreen.h"; path = "org.apache.cordova.splashscreen/CDVSplashScreen.h"; sourceTree = "<group>"; fileEncoding = 4; };
/* End PBXFileReference section */

/* Begin PBXFrameworksBuildPhase section */
		1D60588F0D05DD3D006BFB54 /* Frameworks */ = {
			isa = PBXFrameworksBuildPhase;
			buildActionMask = 2147483647;
			files = (
				5B1594DD16A7569C00FEF299 /* AssetsLibrary.framework in Frameworks */,
				301BF552109A68D80062928A /* libCordova.a in Frameworks */,
				288765FD0DF74451002DB57D /* CoreGraphics.framework in Frameworks */,
				305D5FD1115AB8F900A74A75 /* MobileCoreServices.framework in Frameworks */,
				6D5C5D8142EC45409D959DBE /* libFlurry_5.4.0.a in Frameworks */,
				E2B9AEAD8D514984B8EEC4DA /* libFlurryAds_5.4.0.a in Frameworks */,
				B64FEEC6920545A29B085874 /* AdSupport.framework in Frameworks */,
				4FEBA6E9A88E4446B9AA316B /* Foundation.framework in Frameworks */,
				2C565B57ADAD46B9AC8982ED /* MediaPlayer.framework in Frameworks */,
				5A600F06A89240E2A54F6D58 /* Security.framework in Frameworks */,
				0AB4A4E9019146B6B01F22EB /* StoreKit.framework in Frameworks */,
				5757E0DD34C741F98CBF379F /* MessageUI.framework in Frameworks */,
				AB1556E6D9044AF49198C925 /* SystemConfiguration.framework in Frameworks */,
				97A828F3AC384E35B8E67AAB /* UIKit.framework in Frameworks */,
				9D09A4B826B24CAFA35D063D /* libz.dylib in Frameworks */,
				411F3526C23644168E978381 /* libCordovaGenericAd.a in Frameworks */,
				77C8B054E4F74A12A4072C2E /* libGoogleAdMobAds.a in Frameworks */,
				70FC71416610498EB858D4D6 /* AudioToolbox.framework in Frameworks */,
				CA11F460717C47C8B40F303F /* AVFoundation.framework in Frameworks */,
				BB774BFEE50F471BA6260E78 /* CoreTelephony.framework in Frameworks */,
				0AD18AC3188447BDBAB7B0AB /* EventKit.framework in Frameworks */,
				8923E8664AC04034B2D07986 /* EventKitUI.framework in Frameworks */,
				FD46A0B4DECF49FA842B0D45 /* FBAudienceNetwork.framework in Frameworks */,
				34A29297DC5641C3BB20E060 /* CoreMotion.framework in Frameworks */,
				F9DFE579E3F244CAB1A96B5D /* libAdapterFacebook.a in Frameworks */,
				B48B7CB7434041E4B9C236AD /* libAdapterIAd.a in Frameworks */,
				F9FE4B34F26547C2BBE2417E /* libInMobi-4.5.1.a in Frameworks */,
				518D1ADE3C23465AA8A2ACA0 /* CoreLocation.framework in Frameworks */,
				BD47B26B4EF64F0189870C8A /* Social.framework in Frameworks */,
				75AB3F74469A490BB95E131E /* libsqlite3.0.dylib in Frameworks */,
				29DF8AEC80F14DCAA62042DC /* libAdapterInMobi.a in Frameworks */,
				2B881B3423DB4185AAF330CA /* MillennialMedia.framework in Frameworks */,
				92ABFABBD9424EA0A38D0AE6 /* SpeechKit.framework in Frameworks */,
				BB2B7C88D99E4D97BEFE44E4 /* CFNetwork.framework in Frameworks */,
				462773F86F4944A9A46A4934 /* PassKit.framework in Frameworks */,
				C4908ABC185C4DBB8AD10CB8 /* QuartzCore.framework in Frameworks */,
				8E4158D3C7C3485C856BF8D4 /* libAdapterMillennial.a in Frameworks */,
				3D35BD01F3D746E3B97A08F1 /* MobFox.framework in Frameworks */,
				9A88F5AAE8DD4C2A99E463F4 /* iAd.framework in Frameworks */,
			);
			runOnlyForDeploymentPostprocessing = 0;
		};
/* End PBXFrameworksBuildPhase section */

/* Begin PBXGroup section */
		080E96DDFE201D6D7F000001 /* Classes */ = {
			isa = PBXGroup;
			children = (
				302D95EE14D2391D003F00A1 /* MainViewController.h */,
				302D95EF14D2391D003F00A1 /* MainViewController.m */,
				302D95F014D2391D003F00A1 /* MainViewController.xib */,
				1D3623240D0F684500981E51 /* AppDelegate.h */,
				1D3623250D0F684500981E51 /* AppDelegate.m */,
			);
			name = Classes;
			path = "Gameboard/Classes";
			sourceTree = SOURCE_ROOT;
		};
		19C28FACFE9D520D11CA2CBB /* Products */ = {
			isa = PBXGroup;
			children = (
				1D6058910D05DD3D006BFB54 /* Gameboard.app */,
			);
			name = Products;
			sourceTree = "<group>";
		};
		29B97314FDCFA39411CA2CEA /* CustomTemplate */ = {
			isa = PBXGroup;
			children = (
				EB87FDF41871DAF40020F90C /* config.xml */,
				EB87FDF31871DA8E0020F90C /* www */,
				EB87FDF21871DA7A0020F90C /* merges */,
				EB87FDF11871DA420020F90C /* Staging */,
				301BF52D109A57CC0062928A /* CordovaLib.xcodeproj */,
				080E96DDFE201D6D7F000001 /* Classes */,
				307C750510C5A3420062BCA9 /* Plugins */,
				29B97315FDCFA39411CA2CEA /* Other Sources */,
				29B97317FDCFA39411CA2CEA /* Resources */,
				29B97323FDCFA39411CA2CEA /* Frameworks */,
				19C28FACFE9D520D11CA2CBB /* Products */,
			);
			name = CustomTemplate;
			sourceTree = "<group>";
		};
		29B97315FDCFA39411CA2CEA /* Other Sources */ = {
			isa = PBXGroup;
			children = (
				32CA4F630368D1EE00C91783 /* Gameboard-Prefix.pch */,
				29B97316FDCFA39411CA2CEA /* main.m */,
			);
			name = "Other Sources";
			path = "Gameboard";
			sourceTree = "<group>";
		};
		29B97317FDCFA39411CA2CEA /* Resources */ = {
			isa = PBXGroup;
			children = (
				308D052D1370CCF300D202BF /* icons */,
				308D05311370CCF300D202BF /* splash */,
				8D1107310486CEB800E47090 /* Gameboard-Info.plist */,
			);
			name = Resources;
			path = "Gameboard/Resources";
			sourceTree = "<group>";
		};
		29B97323FDCFA39411CA2CEA /* Frameworks */ = {
			isa = PBXGroup;
			children = (
				5B1594DC16A7569C00FEF299 /* AssetsLibrary.framework */,
				288765FC0DF74451002DB57D /* CoreGraphics.framework */,
				305D5FD0115AB8F900A74A75 /* MobileCoreServices.framework */,
				EF47109254ED40968161C167 /* libFlurry_5.4.0.a */,
				B65BE8FCBACA49ABB8028B21 /* libFlurryAds_5.4.0.a */,
				656AF07E86294733825B701E /* AdSupport.framework */,
				DC84F95C15A1495EB22879D7 /* Foundation.framework */,
				C34CA50E793A4455BCAF7E7F /* MediaPlayer.framework */,
				CED2A195234449A69425C46D /* Security.framework */,
				BD1C34698F8A4E979FC6F298 /* StoreKit.framework */,
				C1D02543804449128365CA0B /* MessageUI.framework */,
				B496D2DC3E4749749048A91B /* SystemConfiguration.framework */,
				4EFFF3131AD943A48AF5BB10 /* UIKit.framework */,
				2132ECE73090405B814C6A05 /* libz.dylib */,
				AB5226C3BF754A12B209E7AB /* libCordovaGenericAd.a */,
				0F6D2122EC3D40F8A5EBDA32 /* libGoogleAdMobAds.a */,
				8606EE6ACD8A41CBA658DAFB /* AudioToolbox.framework */,
				0E97D0CBB0DF4970934202D9 /* AVFoundation.framework */,
				44CBECA0F6694B20855BD884 /* CoreTelephony.framework */,
				0B0359C509824D1185E834A0 /* EventKit.framework */,
				4E5DD03F424E490B97FEF8F8 /* EventKitUI.framework */,
				D05C4A15A5EB49099DA15AD5 /* FBAudienceNetwork.framework */,
				5919B879B2B04194A81DBEB4 /* CoreMotion.framework */,
				975AD66ABD494592893258E5 /* libAdapterFacebook.a */,
				CC99A4A3E6564C418345F7CB /* libAdapterIAd.a */,
				5039E79E74EF49DDA52A44AD /* libInMobi-4.5.1.a */,
				01C6E24C396F4144B473B8D4 /* CoreLocation.framework */,
				FBB9B5EB7C5F481D9F6EC114 /* Social.framework */,
				FE9256B06565477EAC53F877 /* libsqlite3.0.dylib */,
				16A9EAF4C6D649268DAAC90A /* libAdapterInMobi.a */,
				DAA408CD2B8C4DEBA493BC7F /* MillennialMedia.framework */,
				D4AEDBBA9D374FF4A8D14C15 /* SpeechKit.framework */,
				719183F8242E416CA496BC29 /* CFNetwork.framework */,
				7BA5A541B4054A4E842BE2DC /* PassKit.framework */,
				6885A5D7BD314A739C6F670D /* QuartzCore.framework */,
				0DF5C7C8C2D44A6DBF7124B3 /* libAdapterMillennial.a */,
				32302AB0C5CB48E6AA502853 /* MobFox.framework */,
				E3F61FB50CAD4A508E29059F /* iAd.framework */,
			);
			name = Frameworks;
			sourceTree = "<group>";
		};
		301BF52E109A57CC0062928A /* Products */ = {
			isa = PBXGroup;
			children = (
				301BF535109A57CC0062928A /* libCordova.a */,
			);
			name = Products;
			sourceTree = "<group>";
		};
		307C750510C5A3420062BCA9 /* Plugins */ = {
			isa = PBXGroup;
			children = (
				EDB7D9470D524D84B319AF9A /* Flurry.h */,
				BBCCE2A8C8A746548C868FCA /* FlurryAds.h */,
				AF554052068545A48F8C0DA3 /* FlurryAdDelegate.h */,
				5069310212E44807A2C58978 /* CDVPluginExt.m */,
				AE57B483AFB941DBB0607A7A /* PluginAdapterDelegate.h */,
				787549218A30409A8687E0C6 /* CDVPluginExt.h */,
				F707FD3D30594BCA83DDD803 /* GenericAdPlugin.h */,
				B1B99FE9D0ED48528943B302 /* CDVAdMobPlugin.m */,
				D4132E1332024378A7A77EA6 /* AdMobMediation.m */,
				57031ABBFB154380BD9BFB22 /* CDVAdMobPlugin.h */,
				C25C83562C4E418C951E3C53 /* AdMobMediation.h */,
				DC8EE4B47503428484F1549D /* GADAdMobExtras.h */,
				7D9BADDD1F6943498BF1DE6D /* GADAdNetworkExtras.h */,
				F35B01A557004A73BA15B8A2 /* GADAdSize.h */,
				6AC3DE1684014C7B942D05A4 /* GADBannerView.h */,
				8A8EDBC99947485394CDAE33 /* GADBannerViewDelegate.h */,
				B60734A74B0C4C9A962C8A88 /* GADInAppPurchase.h */,
				13C8C9AD46904A1C9C6C7D2D /* GADInAppPurchaseDelegate.h */,
				7EC106A6EF0E44CE9CF307F3 /* GADInterstitial.h */,
				DD000021950E4093B684D095 /* GADInterstitialDelegate.h */,
				EFC172BD2FD04811A2828238 /* GADModules.h */,
				8DAEDA05DABB4D5294B36F78 /* GADRequest.h */,
				34B1644B19E74AB8BB57144F /* GADRequestError.h */,
				AF18038FDF5749CF8CC98F8D /* DFPBannerView.h */,
				3C46EA4445734C75A37F208D /* DFPInterstitial.h */,
				8EA518DAF68F4ED8B806F8A1 /* GADSwipeableBannerViewDelegate.h */,
				C02E7186FDAC4C02A82062EC /* DFPSwipeableBannerView.h */,
				D0654916522741E984B8CB79 /* GADAppEventDelegate.h */,
				BFDEC8117C0440AB84E2BC59 /* GADAdSizeDelegate.h */,
				65BD725278684737A8BD07BF /* GADCustomEventBanner.h */,
				A8B7B3DC4A34427698D70BFE /* GADCustomEventBannerDelegate.h */,
				36AA1E6B4A6F42C399A8782B /* GADCustomEventInterstitial.h */,
				B15AFD273EBC4C65B688AB4B /* GADCustomEventInterstitialDelegate.h */,
				84D9B05948344412B7011A12 /* GADCustomEventRequest.h */,
				FC61F1D513004FB4B8F1DF3A /* GADCustomEventExtras.h */,
				EF3B5273BCF14738810B5BE1 /* GADSearchBannerView.h */,
				C06C589174A6415ABF4FF480 /* GADSearchRequest.h */,
				B645DDD876CD450A9E4F6888 /* FacebookAdPlugin.m */,
				3938E27928404304943D2F38 /* FacebookAdPlugin.h */,
				F560C9CB5D204D178340611A /* InMobi.h */,
				B432EB3E55114F13A33A75D0 /* InMobiAnalytics.h */,
				5059C8BC875B42368C402387 /* IMConstants.h */,
				ED872D350D494147A6977D20 /* IMBanner.h */,
				9117D2D7BF004C7B86E4E039 /* IMBannerDelegate.h */,
				B1476D4E28654170948BED2B /* IMError.h */,
				62BCD0D7AD9C43399296D754 /* IMInterstitialDelegate.h */,
				C1F3E8FDFF49440884D3B9CB /* IMInterstitial.h */,
				56314E60DB5C454B84DDE11C /* IMIncentivisedDelegate.h */,
				3A7C46B4E10146AE84634AEE /* IMNative.h */,
				C35BB40698174DC8AF796F2C /* IMNativeDelegate.h */,
				80DA278A7A034B1BBCD64381 /* mMediaAdPlugin.m */,
				296B397A1A294A7CB751CB58 /* mMediaAdPlugin.h */,
				023B1B266E9D40E09DBF654C /* MobFoxPlugin.m */,
				0C179372A0EE4164BA3B2AC6 /* MobFoxPlugin.h */,
				B26E223CDA4140CFB484AB16 /* StreamingMedia.m */,
				F4F54419B2E1425485D8CE2F /* StreamingMedia.h */,
				8ED60BA4EA8640B7B05DC194 /* CDVInAppBrowser.m */,
				6845084526D04950A5745AC0 /* CDVInAppBrowser.h */,
				942BD2E64D9F42A9B3AD5437 /* CDVLogger.m */,
				496A8E4C46F64DB09C31B809 /* CDVLogger.h */,
				A567EA0B0DDC45C09978C1B7 /* CDVDevice.m */,
				AF78FB4B843C410AB9F23DFD /* CDVDevice.h */,
				9B0611766C324B7F99769966 /* CDVFile.m */,
				B173F96A2C014F9D86D3AC6B /* CDVLocalFilesystem.m */,
				84031A33F82049AFA0C10A84 /* CDVAssetLibraryFilesystem.m */,
				65C35AD3633941838D2135AD /* CDVFile.h */,
				51FB043C84DE440BA648B821 /* CDVLocalFilesystem.h */,
				BB7F30CBB59240498A251626 /* CDVAssetLibraryFilesystem.h */,
				55A07306BE104D2E9629A2F1 /* CDVSound.m */,
				D2404FFC58414C0A97A604D8 /* CDVSound.h */,
				5B6660F1F24A4D2C8B34BC0C /* CDVConnection.m */,
				0198DBBF6CAE4D3A980E5E0D /* CDVReachability.m */,
				00CCC3B20538418BABA49146 /* CDVConnection.h */,
				5C9EE0160467457CB743A231 /* CDVReachability.h */,
				75F69C973E53480890EEB555 /* CDVSplashScreen.m */,
				5BD60C9E9BE8441AA573413F /* CDVSplashScreen.h */,
			);
			name = Plugins;
			path = "Gameboard/Plugins";
			sourceTree = SOURCE_ROOT;
		};
		308D052D1370CCF300D202BF /* icons */ = {
			isa = PBXGroup;
			children = (
				30C1856519D5FC0A00212699 /* icon-60@3x.png */,
				7E7966D41810823500FA85AD /* icon-40.png */,
				7E7966D51810823500FA85AD /* icon-40@2x.png */,
				7E7966D61810823500FA85AD /* icon-50.png */,
				7E7966D71810823500FA85AD /* icon-50@2x.png */,
				7E7966D81810823500FA85AD /* icon-60.png */,
				7E7966D91810823500FA85AD /* icon-60@2x.png */,
				7E7966DA1810823500FA85AD /* icon-76.png */,
				7E7966DB1810823500FA85AD /* icon-76@2x.png */,
				7E7966DC1810823500FA85AD /* icon-small.png */,
				7E7966DD1810823500FA85AD /* icon-small@2x.png */,
				30FC414816E50CA1004E6F35 /* icon-72@2x.png */,
				308D052E1370CCF300D202BF /* icon-72.png */,
				308D052F1370CCF300D202BF /* icon.png */,
				308D05301370CCF300D202BF /* icon@2x.png */,
			);
			path = icons;
			sourceTree = "<group>";
		};
		308D05311370CCF300D202BF /* splash */ = {
			isa = PBXGroup;
			children = (
				30B4F2FD19D5E07200D9F7D8 /* Default-667h.png */,
				30B4F2FE19D5E07200D9F7D8 /* Default-736h.png */,
				30B4F2FF19D5E07200D9F7D8 /* Default-Landscape-736h.png */,
				D4A0D8751607E02300AEF8BB /* Default-568h@2x~iphone.png */,
				3088BBB7154F3926009F9C59 /* Default-Landscape@2x~ipad.png */,
				3088BBB8154F3926009F9C59 /* Default-Landscape~ipad.png */,
				3088BBB9154F3926009F9C59 /* Default-Portrait@2x~ipad.png */,
				3088BBBA154F3926009F9C59 /* Default-Portrait~ipad.png */,
				3088BBBB154F3926009F9C59 /* Default@2x~iphone.png */,
				3088BBBC154F3926009F9C59 /* Default~iphone.png */,
			);
			path = splash;
			sourceTree = "<group>";
		};
		EB87FDF11871DA420020F90C /* Staging */ = {
			isa = PBXGroup;
			children = (
				F840E1F0165FE0F500CFE078 /* config.xml */,
				301BF56E109A69640062928A /* www */,
			);
			name = Staging;
			sourceTree = "<group>";
		};
/* End PBXGroup section */

/* Begin PBXNativeTarget section */
		1D6058900D05DD3D006BFB54 /* Gameboard */ = {
			isa = PBXNativeTarget;
			buildConfigurationList = 1D6058960D05DD3E006BFB54 /* Build configuration list for PBXNativeTarget "Gameboard" */;
			buildPhases = (
				304B58A110DAC018002A0835 /* Copy www directory */,
				1D60588D0D05DD3D006BFB54 /* Resources */,
				1D60588E0D05DD3D006BFB54 /* Sources */,
				1D60588F0D05DD3D006BFB54 /* Frameworks */,
			);
			buildRules = (
			);
			dependencies = (
				301BF551109A68C00062928A /* PBXTargetDependency */,
			);
			name = "Gameboard";
			productName = "Gameboard";
			productReference = 1D6058910D05DD3D006BFB54 /* Gameboard.app */;
			productType = "com.apple.product-type.application";
		};
/* End PBXNativeTarget section */

/* Begin PBXProject section */
		29B97313FDCFA39411CA2CEA /* Project object */ = {
			isa = PBXProject;
			attributes = {
				LastUpgradeCheck = 510;
			};
			buildConfigurationList = C01FCF4E08A954540054247B /* Build configuration list for PBXProject "__CLI__" */;
			compatibilityVersion = "Xcode 3.2";
			developmentRegion = English;
			hasScannedForEncodings = 1;
			knownRegions = (
				English,
				Japanese,
				French,
				German,
				en,
				es,
				de,
				se,
			);
			mainGroup = 29B97314FDCFA39411CA2CEA /* CustomTemplate */;
			projectDirPath = "";
			projectReferences = (
				{
					ProductGroup = 301BF52E109A57CC0062928A /* Products */;
					ProjectRef = 301BF52D109A57CC0062928A /* CordovaLib.xcodeproj */;
				},
			);
			projectRoot = "";
			targets = (
				1D6058900D05DD3D006BFB54 /* Gameboard */,
			);
		};
/* End PBXProject section */

/* Begin PBXReferenceProxy section */
		301BF535109A57CC0062928A /* libCordova.a */ = {
			isa = PBXReferenceProxy;
			fileType = archive.ar;
			path = libCordova.a;
			remoteRef = 301BF534109A57CC0062928A /* PBXContainerItemProxy */;
			sourceTree = BUILT_PRODUCTS_DIR;
		};
/* End PBXReferenceProxy section */

/* Begin PBXResourcesBuildPhase section */
		1D60588D0D05DD3D006BFB54 /* Resources */ = {
			isa = PBXResourcesBuildPhase;
			buildActionMask = 2147483647;
			files = (
				7E7966E41810823500FA85AD /* icon-76.png in Resources */,
				7E7966DF1810823500FA85AD /* icon-40@2x.png in Resources */,
				308D05371370CCF300D202BF /* icon-72.png in Resources */,
				30B4F30119D5E07200D9F7D8 /* Default-736h.png in Resources */,
				308D05381370CCF300D202BF /* icon.png in Resources */,
				308D05391370CCF300D202BF /* icon@2x.png in Resources */,
				302D95F214D2391D003F00A1 /* MainViewController.xib in Resources */,
				7E7966E01810823500FA85AD /* icon-50.png in Resources */,
				7E7966E31810823500FA85AD /* icon-60@2x.png in Resources */,
				7E7966E61810823500FA85AD /* icon-small.png in Resources */,
				3088BBBD154F3926009F9C59 /* Default-Landscape@2x~ipad.png in Resources */,
				3088BBBE154F3926009F9C59 /* Default-Landscape~ipad.png in Resources */,
				3088BBBF154F3926009F9C59 /* Default-Portrait@2x~ipad.png in Resources */,
				7E7966E71810823500FA85AD /* icon-small@2x.png in Resources */,
				3088BBC0154F3926009F9C59 /* Default-Portrait~ipad.png in Resources */,
				30B4F30019D5E07200D9F7D8 /* Default-667h.png in Resources */,
				7E7966DE1810823500FA85AD /* icon-40.png in Resources */,
				3088BBC1154F3926009F9C59 /* Default@2x~iphone.png in Resources */,
				7E7966E21810823500FA85AD /* icon-60.png in Resources */,
				3088BBC2154F3926009F9C59 /* Default~iphone.png in Resources */,
				D4A0D8761607E02300AEF8BB /* Default-568h@2x~iphone.png in Resources */,
				30B4F30219D5E07200D9F7D8 /* Default-Landscape-736h.png in Resources */,
				30C1856619D5FC0A00212699 /* icon-60@3x.png in Resources */,
				7E7966E11810823500FA85AD /* icon-50@2x.png in Resources */,
				7E7966E51810823500FA85AD /* icon-76@2x.png in Resources */,
				30FC414916E50CA1004E6F35 /* icon-72@2x.png in Resources */,
			);
			runOnlyForDeploymentPostprocessing = 0;
		};
/* End PBXResourcesBuildPhase section */

/* Begin PBXShellScriptBuildPhase section */
		304B58A110DAC018002A0835 /* Copy www directory */ = {
			isa = PBXShellScriptBuildPhase;
			buildActionMask = 2147483647;
			files = (
			);
			inputPaths = (
			);
			name = "Copy www directory";
			outputPaths = (
			);
			runOnlyForDeploymentPostprocessing = 0;
			shellPath = /bin/sh;
			shellScript = "cordova/lib/copy-www-build-step.sh";
			showEnvVarsInLog = 0;
		};
/* End PBXShellScriptBuildPhase section */

/* Begin PBXSourcesBuildPhase section */
		1D60588E0D05DD3D006BFB54 /* Sources */ = {
			isa = PBXSourcesBuildPhase;
			buildActionMask = 2147483647;
			files = (
				1D60589B0D05DD56006BFB54 /* main.m in Sources */,
				1D3623260D0F684500981E51 /* AppDelegate.m in Sources */,
				302D95F114D2391D003F00A1 /* MainViewController.m in Sources */,
				CA67BE6BD890434CB45E8A4F /* CDVPluginExt.m in Sources */,
				9A3086916FF6405F87C00ABE /* CDVAdMobPlugin.m in Sources */,
				3E920C43B54F43ADA9A8579E /* AdMobMediation.m in Sources */,
				6E891B8C17594900882641C4 /* FacebookAdPlugin.m in Sources */,
				E68550A93B1C47B283FE4226 /* mMediaAdPlugin.m in Sources */,
				678CAEDC3ADD42BAAF5007B8 /* MobFoxPlugin.m in Sources */,
				DD4ED996BA1E4B85AFD7A4DF /* StreamingMedia.m in Sources */,
				3FF96F1355734B20B3C28D94 /* CDVInAppBrowser.m in Sources */,
				CFD64D11EDBE41DCA73E8CC2 /* CDVLogger.m in Sources */,
				0C09212C8A194958AA0ACD2C /* CDVDevice.m in Sources */,
				2CBEE8E53C1C46C6905ADF29 /* CDVFile.m in Sources */,
				F65749501BB844639B553921 /* CDVLocalFilesystem.m in Sources */,
				54FD31D746A048508E6CFDE9 /* CDVAssetLibraryFilesystem.m in Sources */,
				727709C7978D493088C17B55 /* CDVSound.m in Sources */,
				5411E16A333548258F4FEBA8 /* CDVConnection.m in Sources */,
				F87E755D17404E64961CDC01 /* CDVReachability.m in Sources */,
				0B3AC6923E7049EEB6200885 /* CDVSplashScreen.m in Sources */,
			);
			runOnlyForDeploymentPostprocessing = 0;
		};
/* End PBXSourcesBuildPhase section */

/* Begin PBXTargetDependency section */
		301BF551109A68C00062928A /* PBXTargetDependency */ = {
			isa = PBXTargetDependency;
			name = CordovaLib;
			targetProxy = 301BF550109A68C00062928A /* PBXContainerItemProxy */;
		};
/* End PBXTargetDependency section */

/* Begin XCBuildConfiguration section */
		1D6058940D05DD3E006BFB54 /* Debug */ = {
			isa = XCBuildConfiguration;
			buildSettings = {
				ALWAYS_SEARCH_USER_PATHS = NO;
				CLANG_ENABLE_OBJC_ARC = YES;
				COPY_PHASE_STRIP = NO;
				GCC_DYNAMIC_NO_PIC = NO;
				GCC_OPTIMIZATION_LEVEL = 0;
				GCC_PRECOMPILE_PREFIX_HEADER = YES;
				GCC_PREFIX_HEADER = "Gameboard/Gameboard-Prefix.pch";
				GCC_THUMB_SUPPORT = NO;
				GCC_VERSION = "";
				INFOPLIST_FILE = "Gameboard/Gameboard-Info.plist";
				IPHONEOS_DEPLOYMENT_TARGET = 6.0;
				OTHER_LDFLAGS = (
					"-weak_framework",
					CoreFoundation,
					"-weak_framework",
					UIKit,
					"-weak_framework",
					AVFoundation,
					"-weak_framework",
					CoreMedia,
					"-weak-lSystem",
					"-ObjC",
				);
				PRODUCT_NAME = "Gameboard";
				TARGETED_DEVICE_FAMILY = "1,2";
				LIBRARY_SEARCH_PATHS = (
					"$(inherited)",
					"\"$(SRCROOT)/Gameboard/Plugins/com.flurry.sdk\"",
					"\"$(SRCROOT)/Gameboard/Plugins/com.flurry.sdk\"",
					"\"$(SRCROOT)/Gameboard/Plugins/com.rjfun.cordova.extension\"",
					"\"$(SRCROOT)/Gameboard/Plugins/com.google.cordova.admob\"",
					"\"$(SRCROOT)/Gameboard/Plugins/com.google.cordova.admob-facebook\"",
					"\"$(SRCROOT)/Gameboard/Plugins/com.google.cordova.admob-iad\"",
					"\"$(SRCROOT)/Gameboard/Plugins/com.inmobi.sdk\"",
					"\"$(SRCROOT)/Gameboard/Plugins/com.google.cordova.admob-inmobi\"",
					"\"$(SRCROOT)/Gameboard/Plugins/com.google.cordova.admob-mmedia\"",
				);
				FRAMEWORK_SEARCH_PATHS = (
					"$(inherited)",
					"\"Gameboard/Plugins/com.rjfun.cordova.facebookads\"",
					"\"Gameboard/Plugins/com.rjfun.cordova.mmedia\"",
					"\"Gameboard/Plugins/com.rjfun.cordova.mmedia\"",
					"\"Gameboard/Plugins/com.rjfun.cordova.mobfox\"",
				);
			};
			name = Debug;
		};
		1D6058950D05DD3E006BFB54 /* Release */ = {
			isa = XCBuildConfiguration;
			buildSettings = {
				ALWAYS_SEARCH_USER_PATHS = NO;
				CLANG_ENABLE_OBJC_ARC = YES;
				COPY_PHASE_STRIP = YES;
				GCC_PRECOMPILE_PREFIX_HEADER = YES;
				GCC_PREFIX_HEADER = "Gameboard/Gameboard-Prefix.pch";
				GCC_THUMB_SUPPORT = NO;
				GCC_VERSION = "";
				INFOPLIST_FILE = "Gameboard/Gameboard-Info.plist";
				IPHONEOS_DEPLOYMENT_TARGET = 6.0;
				OTHER_LDFLAGS = (
					"-weak_framework",
					CoreFoundation,
					"-weak_framework",
					UIKit,
					"-weak_framework",
					AVFoundation,
					"-weak_framework",
					CoreMedia,
					"-weak-lSystem",
					"-ObjC",
				);
				PRODUCT_NAME = "Gameboard";
				TARGETED_DEVICE_FAMILY = "1,2";
				LIBRARY_SEARCH_PATHS = (
					"$(inherited)",
					"\"$(SRCROOT)/Gameboard/Plugins/com.flurry.sdk\"",
					"\"$(SRCROOT)/Gameboard/Plugins/com.flurry.sdk\"",
					"\"$(SRCROOT)/Gameboard/Plugins/com.rjfun.cordova.extension\"",
					"\"$(SRCROOT)/Gameboard/Plugins/com.google.cordova.admob\"",
					"\"$(SRCROOT)/Gameboard/Plugins/com.google.cordova.admob-facebook\"",
					"\"$(SRCROOT)/Gameboard/Plugins/com.google.cordova.admob-iad\"",
					"\"$(SRCROOT)/Gameboard/Plugins/com.inmobi.sdk\"",
					"\"$(SRCROOT)/Gameboard/Plugins/com.google.cordova.admob-inmobi\"",
					"\"$(SRCROOT)/Gameboard/Plugins/com.google.cordova.admob-mmedia\"",
				);
				FRAMEWORK_SEARCH_PATHS = (
					"$(inherited)",
					"\"Gameboard/Plugins/com.rjfun.cordova.facebookads\"",
					"\"Gameboard/Plugins/com.rjfun.cordova.mmedia\"",
					"\"Gameboard/Plugins/com.rjfun.cordova.mmedia\"",
					"\"Gameboard/Plugins/com.rjfun.cordova.mobfox\"",
				);
			};
			name = Release;
		};
		C01FCF4F08A954540054247B /* Debug */ = {
			isa = XCBuildConfiguration;
			buildSettings = {
				CLANG_ENABLE_OBJC_ARC = YES;
				CLANG_WARN_BOOL_CONVERSION = YES;
				CLANG_WARN_CONSTANT_CONVERSION = YES;
				CLANG_WARN_EMPTY_BODY = YES;
				CLANG_WARN_ENUM_CONVERSION = YES;
				CLANG_WARN_INT_CONVERSION = YES;
				CLANG_WARN__DUPLICATE_METHOD_MATCH = YES;
				"CODE_SIGN_IDENTITY[sdk=iphoneos*]" = "iPhone Developer";
				GCC_C_LANGUAGE_STANDARD = c99;
				GCC_THUMB_SUPPORT = NO;
				GCC_VERSION = "";
				GCC_WARN_ABOUT_RETURN_TYPE = YES;
				GCC_WARN_UNDECLARED_SELECTOR = YES;
				GCC_WARN_UNINITIALIZED_AUTOS = YES;
				GCC_WARN_UNUSED_FUNCTION = YES;
				GCC_WARN_UNUSED_VARIABLE = YES;
				HEADER_SEARCH_PATHS = (
					"\"$(TARGET_BUILD_DIR)/usr/local/lib/include\"",
					"\"$(OBJROOT)/UninstalledProducts/include\"",
					"\"$(BUILT_PRODUCTS_DIR)\"",
				);
				IPHONEOS_DEPLOYMENT_TARGET = 6.0;
				ONLY_ACTIVE_ARCH = YES;
				OTHER_LDFLAGS = (
					"-weak_framework",
					CoreFoundation,
					"-weak_framework",
					UIKit,
					"-weak_framework",
					AVFoundation,
					"-weak_framework",
					CoreMedia,
					"-weak-lSystem",
					"-ObjC",
				);
				SDKROOT = iphoneos;
				SKIP_INSTALL = NO;
				USER_HEADER_SEARCH_PATHS = "";
			};
			name = Debug;
		};
		C01FCF5008A954540054247B /* Release */ = {
			isa = XCBuildConfiguration;
			buildSettings = {
				CLANG_ENABLE_OBJC_ARC = YES;
				CLANG_WARN_BOOL_CONVERSION = YES;
				CLANG_WARN_CONSTANT_CONVERSION = YES;
				CLANG_WARN_EMPTY_BODY = YES;
				CLANG_WARN_ENUM_CONVERSION = YES;
				CLANG_WARN_INT_CONVERSION = YES;
				CLANG_WARN__DUPLICATE_METHOD_MATCH = YES;
				"CODE_SIGN_IDENTITY[sdk=iphoneos*]" = "iPhone Developer";
				GCC_C_LANGUAGE_STANDARD = c99;
				GCC_THUMB_SUPPORT = NO;
				GCC_VERSION = "";
				GCC_WARN_ABOUT_RETURN_TYPE = YES;
				GCC_WARN_UNDECLARED_SELECTOR = YES;
				GCC_WARN_UNINITIALIZED_AUTOS = YES;
				GCC_WARN_UNUSED_FUNCTION = YES;
				GCC_WARN_UNUSED_VARIABLE = YES;
				HEADER_SEARCH_PATHS = (
					"\"$(TARGET_BUILD_DIR)/usr/local/lib/include\"",
					"\"$(OBJROOT)/UninstalledProducts/include\"",
					"\"$(BUILT_PRODUCTS_DIR)\"",
				);
				IPHONEOS_DEPLOYMENT_TARGET = 6.0;
				OTHER_LDFLAGS = (
					"-weak_framework",
					CoreFoundation,
					"-weak_framework",
					UIKit,
					"-weak_framework",
					AVFoundation,
					"-weak_framework",
					CoreMedia,
					"-weak-lSystem",
					"-ObjC",
				);
				SDKROOT = iphoneos;
				SKIP_INSTALL = NO;
				USER_HEADER_SEARCH_PATHS = "";
			};
			name = Release;
		};
/* End XCBuildConfiguration section */

/* Begin XCConfigurationList section */
		1D6058960D05DD3E006BFB54 /* Build configuration list for PBXNativeTarget "Gameboard" */ = {
			isa = XCConfigurationList;
			buildConfigurations = (
				1D6058940D05DD3E006BFB54 /* Debug */,
				1D6058950D05DD3E006BFB54 /* Release */,
			);
			defaultConfigurationIsVisible = 0;
			defaultConfigurationName = Release;
		};
		C01FCF4E08A954540054247B /* Build configuration list for PBXProject "__CLI__" */ = {
			isa = XCConfigurationList;
			buildConfigurations = (
				C01FCF4F08A954540054247B /* Debug */,
				C01FCF5008A954540054247B /* Release */,
			);
			defaultConfigurationIsVisible = 0;
			defaultConfigurationName = Release;
		};
/* End XCConfigurationList section */
	};
	rootObject = 29B97313FDCFA39411CA2CEA /* Project object */;
}
